
Microsoft Visual Studio Solution File, Format Version 12.00
# Visual Studio Version 17
VisualStudioVersion = 17.0.31903.59
MinimumVisualStudioVersion = 10.0.40219.1
Project("{9A19103F-16F7-4668-BE54-9A1E7A4F7556}") = "Fi.Patika.Api", "Src\Fi.Patika.Api\Fi.Patika.Api.csproj", "{6AC8032A-EFEF-4B8C-9FCF-DD657F1EBA17}"
EndProject
Project("{9A19103F-16F7-4668-BE54-9A1E7A4F7556}") = "Fi.Patika.Schema", "Src\Fi.Patika.Schema\Fi.Patika.Schema.csproj", "{AF2E0653-EBC6-4225-8863-0A13BAB14A0B}"
EndProject
Project("{9A19103F-16F7-4668-BE54-9A1E7A4F7556}") = "Fi.Patika.Api.IntegrationTests", "Test\Fi.Patika.Api.IntegrationTests\Fi.Patika.Api.IntegrationTests.csproj", "{BDFEA0C6-A9A3-4D68-ABD9-44F159A0CBCD}"
EndProject
Global
	GlobalSection(SolutionConfigurationPlatforms) = preSolution
		Debug|Any CPU = Debug|Any CPU
		Release|Any CPU = Release|Any CPU
	EndGlobalSection
	GlobalSection(ProjectConfigurationPlatforms) = postSolution
		{6AC8032A-EFEF-4B8C-9FCF-DD657F1EBA17}.Debug|Any CPU.ActiveCfg = Debug|Any CPU
		{6AC8032A-EFEF-4B8C-9FCF-DD657F1EBA17}.Debug|Any CPU.Build.0 = Debug|Any CPU
		{6AC8032A-EFEF-4B8C-9FCF-DD657F1EBA17}.Release|Any CPU.ActiveCfg = Release|Any CPU
		{6AC8032A-EFEF-4B8C-9FCF-DD657F1EBA17}.Release|Any CPU.Build.0 = Release|Any CPU
		{AF2E0653-EBC6-4225-8863-0A13BAB14A0B}.Debug|Any CPU.ActiveCfg = Debug|Any CPU
		{AF2E0653-EBC6-4225-8863-0A13BAB14A0B}.Debug|Any CPU.Build.0 = Debug|Any CPU
		{AF2E0653-EBC6-4225-8863-0A13BAB14A0B}.Release|Any CPU.ActiveCfg = Release|Any CPU
		{AF2E0653-EBC6-4225-8863-0A13BAB14A0B}.Release|Any CPU.Build.0 = Release|Any CPU
		{BDFEA0C6-A9A3-4D68-ABD9-44F159A0CBCD}.Debug|Any CPU.ActiveCfg = Debug|Any CPU
		{BDFEA0C6-A9A3-4D68-ABD9-44F159A0CBCD}.Debug|Any CPU.Build.0 = Debug|Any CPU
		{BDFEA0C6-A9A3-4D68-ABD9-44F159A0CBCD}.Release|Any CPU.ActiveCfg = Release|Any CPU
		{BDFEA0C6-A9A3-4D68-ABD9-44F159A0CBCD}.Release|Any CPU.Build.0 = Release|Any CPU
	EndGlobalSection
	GlobalSection(SolutionProperties) = preSolution
		HideSolutionNode = FALSE
	EndGlobalSection
	GlobalSection(ExtensibilityGlobals) = postSolution
		SolutionGuid = {B360CDF4-3811-4EFC-AAB6-07DDCA78D314}
	EndGlobalSection
EndGlobal
